// !$*UTF8*$!
{
	archiveVersion = 1;
	classes = {
	};
	objectVersion = 56;
	objects = {

/* Begin PBXBuildFile section */
		C08ED80329C4FF56002B4FA7 /* BookShelfProApp.swift in Sources */ = {isa = PBXBuildFile; fileRef = C08ED80229C4FF56002B4FA7 /* BookShelfProApp.swift */; };
		C08ED80529C4FF56002B4FA7 /* ContentView.swift in Sources */ = {isa = PBXBuildFile; fileRef = C08ED80429C4FF56002B4FA7 /* ContentView.swift */; };
		C08ED80729C4FF59002B4FA7 /* Assets.xcassets in Resources */ = {isa = PBXBuildFile; fileRef = C08ED80629C4FF59002B4FA7 /* Assets.xcassets */; };
		C08ED80A29C4FF59002B4FA7 /* Preview Assets.xcassets in Resources */ = {isa = PBXBuildFile; fileRef = C08ED80929C4FF59002B4FA7 /* Preview Assets.xcassets */; };
		C08ED80C29C4FF59002B4FA7 /* Persistence.swift in Sources */ = {isa = PBXBuildFile; fileRef = C08ED80B29C4FF59002B4FA7 /* Persistence.swift */; };
		C08ED80F29C4FF59002B4FA7 /* BookShelfPro.xcdatamodeld in Sources */ = {isa = PBXBuildFile; fileRef = C08ED80D29C4FF59002B4FA7 /* BookShelfPro.xcdatamodeld */; };
		C08ED81629C50C6E002B4FA7 /* createProfile.swift in Sources */ = {isa = PBXBuildFile; fileRef = C08ED81529C50C6E002B4FA7 /* createProfile.swift */; };
		C08ED81829C541F0002B4FA7 /* MyProfile.swift in Sources */ = {isa = PBXBuildFile; fileRef = C08ED81729C541F0002B4FA7 /* MyProfile.swift */; };
		C095211729EF1F130027D2A4 /* coreDataController.swift in Sources */ = {isa = PBXBuildFile; fileRef = C095211629EF1F130027D2A4 /* coreDataController.swift */; };
		C095211B29F1211E0027D2A4 /* BestSelling.swift in Sources */ = {isa = PBXBuildFile; fileRef = C095211A29F1211E0027D2A4 /* BestSelling.swift */; };
		C095211E29F347AA0027D2A4 /* DetailView.swift in Sources */ = {isa = PBXBuildFile; fileRef = C095211D29F347AA0027D2A4 /* DetailView.swift */; };
		C095212029F4975D0027D2A4 /* mapView.swift in Sources */ = {isa = PBXBuildFile; fileRef = C095211F29F4975D0027D2A4 /* mapView.swift */; };
		C095212429F4D9780027D2A4 /* wishList.swift in Sources */ = {isa = PBXBuildFile; fileRef = C095212329F4D9780027D2A4 /* wishList.swift */; };
/* End PBXBuildFile section */

/* Begin PBXFileReference section */
		C08ED7FF29C4FF56002B4FA7 /* BookShelfPro.app */ = {isa = PBXFileReference; explicitFileType = wrapper.application; includeInIndex = 0; path = BookShelfPro.app; sourceTree = BUILT_PRODUCTS_DIR; };
		C08ED80229C4FF56002B4FA7 /* BookShelfProApp.swift */ = {isa = PBXFileReference; lastKnownFileType = sourcecode.swift; path = BookShelfProApp.swift; sourceTree = "<group>"; };
		C08ED80429C4FF56002B4FA7 /* ContentView.swift */ = {isa = PBXFileReference; lastKnownFileType = sourcecode.swift; path = ContentView.swift; sourceTree = "<group>"; };
		C08ED80629C4FF59002B4FA7 /* Assets.xcassets */ = {isa = PBXFileReference; lastKnownFileType = folder.assetcatalog; path = Assets.xcassets; sourceTree = "<group>"; };
		C08ED80929C4FF59002B4FA7 /* Preview Assets.xcassets */ = {isa = PBXFileReference; lastKnownFileType = folder.assetcatalog; path = "Preview Assets.xcassets"; sourceTree = "<group>"; };
		C08ED80B29C4FF59002B4FA7 /* Persistence.swift */ = {isa = PBXFileReference; lastKnownFileType = sourcecode.swift; path = Persistence.swift; sourceTree = "<group>"; };
		C08ED80E29C4FF59002B4FA7 /* BookShelfPro.xcdatamodel */ = {isa = PBXFileReference; lastKnownFileType = wrapper.xcdatamodel; path = BookShelfPro.xcdatamodel; sourceTree = "<group>"; };
		C08ED81529C50C6E002B4FA7 /* createProfile.swift */ = {isa = PBXFileReference; lastKnownFileType = sourcecode.swift; path = createProfile.swift; sourceTree = "<group>"; };
		C08ED81729C541F0002B4FA7 /* MyProfile.swift */ = {isa = PBXFileReference; lastKnownFileType = sourcecode.swift; path = MyProfile.swift; sourceTree = "<group>"; };
		C095211629EF1F130027D2A4 /* coreDataController.swift */ = {isa = PBXFileReference; lastKnownFileType = sourcecode.swift; path = coreDataController.swift; sourceTree = "<group>"; };
		C095211A29F1211E0027D2A4 /* BestSelling.swift */ = {isa = PBXFileReference; lastKnownFileType = sourcecode.swift; path = BestSelling.swift; sourceTree = "<group>"; };
		C095211C29F2F73E0027D2A4 /* Info.plist */ = {isa = PBXFileReference; lastKnownFileType = text.plist; path = Info.plist; sourceTree = "<group>"; };
		C095211D29F347AA0027D2A4 /* DetailView.swift */ = {isa = PBXFileReference; lastKnownFileType = sourcecode.swift; path = DetailView.swift; sourceTree = "<group>"; };
		C095211F29F4975D0027D2A4 /* mapView.swift */ = {isa = PBXFileReference; lastKnownFileType = sourcecode.swift; path = mapView.swift; sourceTree = "<group>"; };
		C095212329F4D9780027D2A4 /* wishList.swift */ = {isa = PBXFileReference; lastKnownFileType = sourcecode.swift; path = wishList.swift; sourceTree = "<group>"; };
/* End PBXFileReference section */

/* Begin PBXFrameworksBuildPhase section */
		C08ED7FC29C4FF56002B4FA7 /* Frameworks */ = {
			isa = PBXFrameworksBuildPhase;
			buildActionMask = 2147483647;
			files = (
			);
			runOnlyForDeploymentPostprocessing = 0;
		};
/* End PBXFrameworksBuildPhase section */

/* Begin PBXGroup section */
		C08ED7F629C4FF56002B4FA7 = {
			isa = PBXGroup;
			children = (
				C08ED80129C4FF56002B4FA7 /* BookShelfPro */,
				C08ED80029C4FF56002B4FA7 /* Products */,
			);
			sourceTree = "<group>";
		};
		C08ED80029C4FF56002B4FA7 /* Products */ = {
			isa = PBXGroup;
			children = (
				C08ED7FF29C4FF56002B4FA7 /* BookShelfPro.app */,
			);
			name = Products;
			sourceTree = "<group>";
		};
		C08ED80129C4FF56002B4FA7 /* BookShelfPro */ = {
			isa = PBXGroup;
			children = (
				C095211C29F2F73E0027D2A4 /* Info.plist */,
				C08ED80229C4FF56002B4FA7 /* BookShelfProApp.swift */,
				C095211F29F4975D0027D2A4 /* mapView.swift */,
				C095212329F4D9780027D2A4 /* wishList.swift */,
				C08ED80429C4FF56002B4FA7 /* ContentView.swift */,
				C08ED81729C541F0002B4FA7 /* MyProfile.swift */,
				C08ED81529C50C6E002B4FA7 /* createProfile.swift */,
				C095211A29F1211E0027D2A4 /* BestSelling.swift */,
				C095211D29F347AA0027D2A4 /* DetailView.swift */,
				C08ED80629C4FF59002B4FA7 /* Assets.xcassets */,
				C08ED80B29C4FF59002B4FA7 /* Persistence.swift */,
				C095211629EF1F130027D2A4 /* coreDataController.swift */,
				C08ED80D29C4FF59002B4FA7 /* BookShelfPro.xcdatamodeld */,
				C08ED80829C4FF59002B4FA7 /* Preview Content */,
			);
			path = BookShelfPro;
			sourceTree = "<group>";
		};
		C08ED80829C4FF59002B4FA7 /* Preview Content */ = {
			isa = PBXGroup;
			children = (
				C08ED80929C4FF59002B4FA7 /* Preview Assets.xcassets */,
			);
			path = "Preview Content";
			sourceTree = "<group>";
		};
/* End PBXGroup section */

/* Begin PBXNativeTarget section */
		C08ED7FE29C4FF56002B4FA7 /* BookShelfPro */ = {
			isa = PBXNativeTarget;
			buildConfigurationList = C08ED81229C4FF59002B4FA7 /* Build configuration list for PBXNativeTarget "BookShelfPro" */;
			buildPhases = (
				C08ED7FB29C4FF56002B4FA7 /* Sources */,
				C08ED7FC29C4FF56002B4FA7 /* Frameworks */,
				C08ED7FD29C4FF56002B4FA7 /* Resources */,
			);
			buildRules = (
			);
			dependencies = (
			);
			name = BookShelfPro;
			productName = BookShelfPro;
			productReference = C08ED7FF29C4FF56002B4FA7 /* BookShelfPro.app */;
			productType = "com.apple.product-type.application";
		};
/* End PBXNativeTarget section */

/* Begin PBXProject section */
		C08ED7F729C4FF56002B4FA7 /* Project object */ = {
			isa = PBXProject;
			attributes = {
				BuildIndependentTargetsInParallel = 1;
				LastSwiftUpdateCheck = 1420;
				LastUpgradeCheck = 1420;
				TargetAttributes = {
					C08ED7FE29C4FF56002B4FA7 = {
						CreatedOnToolsVersion = 14.2;
					};
				};
			};
			buildConfigurationList = C08ED7FA29C4FF56002B4FA7 /* Build configuration list for PBXProject "BookShelfPro" */;
			compatibilityVersion = "Xcode 14.0";
			developmentRegion = en;
			hasScannedForEncodings = 0;
			knownRegions = (
				en,
				Base,
			);
			mainGroup = C08ED7F629C4FF56002B4FA7;
			productRefGroup = C08ED80029C4FF56002B4FA7 /* Products */;
			projectDirPath = "";
			projectRoot = "";
			targets = (
				C08ED7FE29C4FF56002B4FA7 /* BookShelfPro */,
			);
		};
/* End PBXProject section */

/* Begin PBXResourcesBuildPhase section */
		C08ED7FD29C4FF56002B4FA7 /* Resources */ = {
			isa = PBXResourcesBuildPhase;
			buildActionMask = 2147483647;
			files = (
				C08ED80A29C4FF59002B4FA7 /* Preview Assets.xcassets in Resources */,
				C08ED80729C4FF59002B4FA7 /* Assets.xcassets in Resources */,
			);
			runOnlyForDeploymentPostprocessing = 0;
		};
/* End PBXResourcesBuildPhase section */

/* Begin PBXSourcesBuildPhase section */
		C08ED7FB29C4FF56002B4FA7 /* Sources */ = {
			isa = PBXSourcesBuildPhase;
			buildActionMask = 2147483647;
			files = (
				C095211B29F1211E0027D2A4 /* BestSelling.swift in Sources */,
				C095211E29F347AA0027D2A4 /* DetailView.swift in Sources */,
				C095212429F4D9780027D2A4 /* wishList.swift in Sources */,
				C08ED81629C50C6E002B4FA7 /* createProfile.swift in Sources */,
				C095212029F4975D0027D2A4 /* mapView.swift in Sources */,
				C08ED81829C541F0002B4FA7 /* MyProfile.swift in Sources */,
				C08ED80C29C4FF59002B4FA7 /* Persistence.swift in Sources */,
				C08ED80529C4FF56002B4FA7 /* ContentView.swift in Sources */,
				C08ED80329C4FF56002B4FA7 /* BookShelfProApp.swift in Sources */,
				C095211729EF1F130027D2A4 /* coreDataController.swift in Sources */,
				C08ED80F29C4FF59002B4FA7 /* BookShelfPro.xcdatamodeld in Sources */,
			);
			runOnlyForDeploymentPostprocessing = 0;
		};
/* End PBXSourcesBuildPhase section */

/* Begin XCBuildConfiguration section */
		C08ED81029C4FF59002B4FA7 /* Debug */ = {
			isa = XCBuildConfiguration;
			buildSettings = {
				ALWAYS_SEARCH_USER_PATHS = NO;
				CLANG_ANALYZER_NONNULL = YES;
				CLANG_ANALYZER_NUMBER_OBJECT_CONVERSION = YES_AGGRESSIVE;
				CLANG_CXX_LANGUAGE_STANDARD = "gnu++20";
				CLANG_ENABLE_MODULES = YES;
				CLANG_ENABLE_OBJC_ARC = YES;
				CLANG_ENABLE_OBJC_WEAK = YES;
				CLANG_WARN_BLOCK_CAPTURE_AUTORELEASING = YES;
				CLANG_WARN_BOOL_CONVERSION = YES;
				CLANG_WARN_COMMA = YES;
				CLANG_WARN_CONSTANT_CONVERSION = YES;
				CLANG_WARN_DEPRECATED_OBJC_IMPLEMENTATIONS = YES;
				CLANG_WARN_DIRECT_OBJC_ISA_USAGE = YES_ERROR;
				CLANG_WARN_DOCUMENTATION_COMMENTS = YES;
				CLANG_WARN_EMPTY_BODY = YES;
				CLANG_WARN_ENUM_CONVERSION = YES;
				CLANG_WARN_INFINITE_RECURSION = YES;
				CLANG_WARN_INT_CONVERSION = YES;
				CLANG_WARN_NON_LITERAL_NULL_CONVERSION = YES;
				CLANG_WARN_OBJC_IMPLICIT_RETAIN_SELF = YES;
				CLANG_WARN_OBJC_LITERAL_CONVERSION = YES;
				CLANG_WARN_OBJC_ROOT_CLASS = YES_ERROR;
				CLANG_WARN_QUOTED_INCLUDE_IN_FRAMEWORK_HEADER = YES;
				CLANG_WARN_RANGE_LOOP_ANALYSIS = YES;
				CLANG_WARN_STRICT_PROTOTYPES = YES;
				CLANG_WARN_SUSPICIOUS_MOVE = YES;
				CLANG_WARN_UNGUARDED_AVAILABILITY = YES_AGGRESSIVE;
				CLANG_WARN_UNREACHABLE_CODE = YES;
				CLANG_WARN__DUPLICATE_METHOD_MATCH = YES;
				COPY_PHASE_STRIP = NO;
				DEBUG_INFORMATION_FORMAT = dwarf;
				ENABLE_STRICT_OBJC_MSGSEND = YES;
				ENABLE_TESTABILITY = YES;
				GCC_C_LANGUAGE_STANDARD = gnu11;
				GCC_DYNAMIC_NO_PIC = NO;
				GCC_NO_COMMON_BLOCKS = YES;
				GCC_OPTIMIZATION_LEVEL = 0;
				GCC_PREPROCESSOR_DEFINITIONS = (
					"DEBUG=1",
					"$(inherited)",
				);
				GCC_WARN_64_TO_32_BIT_CONVERSION = YES;
				GCC_WARN_ABOUT_RETURN_TYPE = YES_ERROR;
				GCC_WARN_UNDECLARED_SELECTOR = YES;
				GCC_WARN_UNINITIALIZED_AUTOS = YES_AGGRESSIVE;
				GCC_WARN_UNUSED_FUNCTION = YES;
				GCC_WARN_UNUSED_VARIABLE = YES;
				INFOPLIST_KEY_UIApplicationSceneManifest_Generation = YES;
				IPHONEOS_DEPLOYMENT_TARGET = 16.2;
				MTL_ENABLE_DEBUG_INFO = INCLUDE_SOURCE;
				MTL_FAST_MATH = YES;
				ONLY_ACTIVE_ARCH = YES;
				SDKROOT = iphoneos;
				SWIFT_ACTIVE_COMPILATION_CONDITIONS = DEBUG;
				SWIFT_OPTIMIZATION_LEVEL = "-Onone";
			};
			name = Debug;
		};
		C08ED81129C4FF59002B4FA7 /* Release */ = {
			isa = XCBuildConfiguration;
			buildSettings = {
				ALWAYS_SEARCH_USER_PATHS = NO;
				CLANG_ANALYZER_NONNULL = YES;
				CLANG_ANALYZER_NUMBER_OBJECT_CONVERSION = YES_AGGRESSIVE;
				CLANG_CXX_LANGUAGE_STANDARD = "gnu++20";
				CLANG_ENABLE_MODULES = YES;
				CLANG_ENABLE_OBJC_ARC = YES;
				CLANG_ENABLE_OBJC_WEAK = YES;
				CLANG_WARN_BLOCK_CAPTURE_AUTORELEASING = YES;
				CLANG_WARN_BOOL_CONVERSION = YES;
				CLANG_WARN_COMMA = YES;
				CLANG_WARN_CONSTANT_CONVERSION = YES;
				CLANG_WARN_DEPRECATED_OBJC_IMPLEMENTATIONS = YES;
				CLANG_WARN_DIRECT_OBJC_ISA_USAGE = YES_ERROR;
				CLANG_WARN_DOCUMENTATION_COMMENTS = YES;
				CLANG_WARN_EMPTY_BODY = YES;
				CLANG_WARN_ENUM_CONVERSION = YES;
				CLANG_WARN_INFINITE_RECURSION = YES;
				CLANG_WARN_INT_CONVERSION = YES;
				CLANG_WARN_NON_LITERAL_NULL_CONVERSION = YES;
				CLANG_WARN_OBJC_IMPLICIT_RETAIN_SELF = YES;
				CLANG_WARN_OBJC_LITERAL_CONVERSION = YES;
				CLANG_WARN_OBJC_ROOT_CLASS = YES_ERROR;
				CLANG_WARN_QUOTED_INCLUDE_IN_FRAMEWORK_HEADER = YES;
				CLANG_WARN_RANGE_LOOP_ANALYSIS = YES;
				CLANG_WARN_STRICT_PROTOTYPES = YES;
				CLANG_WARN_SUSPICIOUS_MOVE = YES;
				CLANG_WARN_UNGUARDED_AVAILABILITY = YES_AGGRESSIVE;
				CLANG_WARN_UNREACHABLE_CODE = YES;
				CLANG_WARN__DUPLICATE_METHOD_MATCH = YES;
				COPY_PHASE_STRIP = NO;
				DEBUG_INFORMATION_FORMAT = "dwarf-with-dsym";
				ENABLE_NS_ASSERTIONS = NO;
				ENABLE_STRICT_OBJC_MSGSEND = YES;
				GCC_C_LANGUAGE_STANDARD = gnu11;
				GCC_NO_COMMON_BLOCKS = YES;
				GCC_WARN_64_TO_32_BIT_CONVERSION = YES;
				GCC_WARN_ABOUT_RETURN_TYPE = YES_ERROR;
				GCC_WARN_UNDECLARED_SELECTOR = YES;
				GCC_WARN_UNINITIALIZED_AUTOS = YES_AGGRESSIVE;
				GCC_WARN_UNUSED_FUNCTION = YES;
				GCC_WARN_UNUSED_VARIABLE = YES;
				INFOPLIST_KEY_UIApplicationSceneManifest_Generation = YES;
				IPHONEOS_DEPLOYMENT_TARGET = 16.2;
				MTL_ENABLE_DEBUG_INFO = NO;
				MTL_FAST_MATH = YES;
				SDKROOT = iphoneos;
				SWIFT_COMPILATION_MODE = wholemodule;
				SWIFT_OPTIMIZATION_LEVEL = "-O";
				VALIDATE_PRODUCT = YES;
			};
			name = Release;
		};
		C08ED81329C4FF59002B4FA7 /* Debug */ = {
			isa = XCBuildConfiguration;
			buildSettings = {
				ASSETCATALOG_COMPILER_APPICON_NAME = AppIcon;
				ASSETCATALOG_COMPILER_GLOBAL_ACCENT_COLOR_NAME = AccentColor;
				CODE_SIGN_STYLE = Automatic;
				CURRENT_PROJECT_VERSION = 1;
				DEVELOPMENT_ASSET_PATHS = "\"BookShelfPro/Preview Content\"";
				ENABLE_PREVIEWS = YES;
				GENERATE_INFOPLIST_FILE = YES;
				INFOPLIST_FILE = BookShelfPro/Info.plist;
				INFOPLIST_KEY_UIApplicationSceneManifest_Generation = YES;
				INFOPLIST_KEY_UIApplicationSupportsIndirectInputEvents = YES;
				INFOPLIST_KEY_UILaunchScreen_Generation = YES;
				INFOPLIST_KEY_UISupportedInterfaceOrientations_iPad = "UIInterfaceOrientationPortrait UIInterfaceOrientationPortraitUpsideDown UIInterfaceOrientationLandscapeLeft UIInterfaceOrientationLandscapeRight";
				INFOPLIST_KEY_UISupportedInterfaceOrientations_iPhone = "UIInterfaceOrientationPortrait UIInterfaceOrientationLandscapeLeft UIInterfaceOrientationLandscapeRight";
				LD_RUNPATH_SEARCH_PATHS = (
					"$(inherited)",
					"@executable_path/Frameworks",
				);
				MARKETING_VERSION = 1.0;
				PRODUCT_BUNDLE_IDENTIFIER = asu.BookShelfPro;
				PRODUCT_NAME = "$(TARGET_NAME)";
				SWIFT_EMIT_LOC_STRINGS = YES;
				SWIFT_VERSION = 5.0;
				TARGETED_DEVICE_FAMILY = "1,2";
			};
			name = Debug;
		};
		C08ED81429C4FF59002B4FA7 /* Release */ = {
			isa = XCBuildConfiguration;
			buildSettings = {
				ASSETCATALOG_COMPILER_APPICON_NAME = AppIcon;
				ASSETCATALOG_COMPILER_GLOBAL_ACCENT_COLOR_NAME = AccentColor;
				CODE_SIGN_STYLE = Automatic;
				CURRENT_PROJECT_VERSION = 1;
				DEVELOPMENT_ASSET_PATHS = "\"BookShelfPro/Preview Content\"";
				ENABLE_PREVIEWS = YES;
				GENERATE_INFOPLIST_FILE = YES;
				INFOPLIST_FILE = BookShelfPro/Info.plist;
				INFOPLIST_KEY_UIApplicationSceneManifest_Generation = YES;
				INFOPLIST_KEY_UIApplicationSupportsIndirectInputEvents = YES;
				INFOPLIST_KEY_UILaunchScreen_Generation = YES;
				INFOPLIST_KEY_UISupportedInterfaceOrientations_iPad = "UIInterfaceOrientationPortrait UIInterfaceOrientationPortraitUpsideDown UIInterfaceOrientationLandscapeLeft UIInterfaceOrientationLandscapeRight";
				INFOPLIST_KEY_UISupportedInterfaceOrientations_iPhone = "UIInterfaceOrientationPortrait UIInterfaceOrientationLandscapeLeft UIInterfaceOrientationLandscapeRight";
				LD_RUNPATH_SEARCH_PATHS = (
					"$(inherited)",
					"@executable_path/Frameworks",
				);
				MARKETING_VERSION = 1.0;
				PRODUCT_BUNDLE_IDENTIFIER = asu.BookShelfPro;
				PRODUCT_NAME = "$(TARGET_NAME)";
				SWIFT_EMIT_LOC_STRINGS = YES;
				SWIFT_VERSION = 5.0;
				TARGETED_DEVICE_FAMILY = "1,2";
			};
			name = Release;
		};
/* End XCBuildConfiguration section */

/* Begin XCConfigurationList section */
		C08ED7FA29C4FF56002B4FA7 /* Build configuration list for PBXProject "BookShelfPro" */ = {
			isa = XCConfigurationList;
			buildConfigurations = (
				C08ED81029C4FF59002B4FA7 /* Debug */,
				C08ED81129C4FF59002B4FA7 /* Release */,
			);
			defaultConfigurationIsVisible = 0;
			defaultConfigurationName = Release;
		};
		C08ED81229C4FF59002B4FA7 /* Build configuration list for PBXNativeTarget "BookShelfPro" */ = {
			isa = XCConfigurationList;
			buildConfigurations = (
				C08ED81329C4FF59002B4FA7 /* Debug */,
				C08ED81429C4FF59002B4FA7 /* Release */,
			);
			defaultConfigurationIsVisible = 0;
			defaultConfigurationName = Release;
		};
/* End XCConfigurationList section */

/* Begin XCVersionGroup section */
		C08ED80D29C4FF59002B4FA7 /* BookShelfPro.xcdatamodeld */ = {
			isa = XCVersionGroup;
			children = (
				C08ED80E29C4FF59002B4FA7 /* BookShelfPro.xcdatamodel */,
			);
			currentVersion = C08ED80E29C4FF59002B4FA7 /* BookShelfPro.xcdatamodel */;
			path = BookShelfPro.xcdatamodeld;
			sourceTree = "<group>";
			versionGroupType = wrapper.xcdatamodel;
		};
/* End XCVersionGroup section */
	};
	rootObject = C08ED7F729C4FF56002B4FA7 /* Project object */;
}
